
Microsoft Visual Studio Solution File, Format Version 12.00
# Visual Studio Version 16
VisualStudioVersion = 16.0.30717.126
MinimumVisualStudioVersion = 10.0.40219.1
Project("{FAE04EC0-301F-11D3-BF4B-00C04F79EFBC}") = "CompanyInventory.WebApi", "CompanyInventory.WebApi\CompanyInventory.WebApi.csproj", "{FA0B4AC0-C41B-401E-894C-DD4C1A024778}"
EndProject
Project("{FAE04EC0-301F-11D3-BF4B-00C04F79EFBC}") = "CompanyInventory.Database", "CompanyInventory.Database\CompanyInventory.Database.csproj", "{6DF515E2-8381-42C4-B426-0B82E07B94BE}"
EndProject
Project("{FAE04EC0-301F-11D3-BF4B-00C04F79EFBC}") = "CompanyInventory.Common", "CompanyInventory.Common\CompanyInventory.Common.csproj", "{E43D2FFA-07AE-449F-997A-DB5E6E80F954}"
EndProject
Global
	GlobalSection(SolutionConfigurationPlatforms) = preSolution
		Debug|Any CPU = Debug|Any CPU
		Release|Any CPU = Release|Any CPU
	EndGlobalSection
	GlobalSection(ProjectConfigurationPlatforms) = postSolution
		{FA0B4AC0-C41B-401E-894C-DD4C1A024778}.Debug|Any CPU.ActiveCfg = Debug|Any CPU
		{FA0B4AC0-C41B-401E-894C-DD4C1A024778}.Debug|Any CPU.Build.0 = Debug|Any CPU
		{FA0B4AC0-C41B-401E-894C-DD4C1A024778}.Release|Any CPU.ActiveCfg = Release|Any CPU
		{FA0B4AC0-C41B-401E-894C-DD4C1A024778}.Release|Any CPU.Build.0 = Release|Any CPU
		{6DF515E2-8381-42C4-B426-0B82E07B94BE}.Debug|Any CPU.ActiveCfg = Debug|Any CPU
		{6DF515E2-8381-42C4-B426-0B82E07B94BE}.Debug|Any CPU.Build.0 = Debug|Any CPU
		{6DF515E2-8381-42C4-B426-0B82E07B94BE}.Release|Any CPU.ActiveCfg = Release|Any CPU
		{6DF515E2-8381-42C4-B426-0B82E07B94BE}.Release|Any CPU.Build.0 = Release|Any CPU
		{E43D2FFA-07AE-449F-997A-DB5E6E80F954}.Debug|Any CPU.ActiveCfg = Debug|Any CPU
		{E43D2FFA-07AE-449F-997A-DB5E6E80F954}.Debug|Any CPU.Build.0 = Debug|Any CPU
		{E43D2FFA-07AE-449F-997A-DB5E6E80F954}.Release|Any CPU.ActiveCfg = Release|Any CPU
		{E43D2FFA-07AE-449F-997A-DB5E6E80F954}.Release|Any CPU.Build.0 = Release|Any CPU
	EndGlobalSection
	GlobalSection(SolutionProperties) = preSolution
		HideSolutionNode = FALSE
	EndGlobalSection
	GlobalSection(ExtensibilityGlobals) = postSolution
		SolutionGuid = {D836A05C-F8B4-4ED0-8AB0-A425FDC4B259}
	EndGlobalSection
EndGlobal
